
Microsoft Visual Studio Solution File, Format Version 12.00
# Visual Studio Version 17
VisualStudioVersion = 17.14.36121.58 d17.14
MinimumVisualStudioVersion = 10.0.40219.1
Project("{FAE04EC0-301F-11D3-BF4B-00C04F79EFBC}") = "GameServerSolution", "GameServerSolution.csproj", "{CE7D6C01-0849-4E46-B195-22CDE9B24611}"
EndProject
Project("{FAE04EC0-301F-11D3-BF4B-00C04F79EFBC}") = "Shared", "..\Shared\Shared.csproj", "{836A13A9-84AD-4828-9E8E-7B2DC7994C08}"
EndProject
Project("{FAE04EC0-301F-11D3-BF4B-00C04F79EFBC}") = "GameServer", "..\GameServer\GameServer.csproj", "{EEF4EB06-4C9D-4114-A842-4943F114C0CE}"
EndProject
Project("{FAE04EC0-301F-11D3-BF4B-00C04F79EFBC}") = "GameClient", "..\GameClient\GameClient.csproj", "{0E1A1E22-1FEA-4663-B880-5030320A2F36}"
EndProject
Global
	GlobalSection(SolutionConfigurationPlatforms) = preSolution
		Debug|Any CPU = Debug|Any CPU
		Release|Any CPU = Release|Any CPU
	EndGlobalSection
	GlobalSection(ProjectConfigurationPlatforms) = postSolution
		{CE7D6C01-0849-4E46-B195-22CDE9B24611}.Debug|Any CPU.ActiveCfg = Debug|Any CPU
		{CE7D6C01-0849-4E46-B195-22CDE9B24611}.Debug|Any CPU.Build.0 = Debug|Any CPU
		{CE7D6C01-0849-4E46-B195-22CDE9B24611}.Release|Any CPU.ActiveCfg = Release|Any CPU
		{CE7D6C01-0849-4E46-B195-22CDE9B24611}.Release|Any CPU.Build.0 = Release|Any CPU
		{836A13A9-84AD-4828-9E8E-7B2DC7994C08}.Debug|Any CPU.ActiveCfg = Debug|Any CPU
		{836A13A9-84AD-4828-9E8E-7B2DC7994C08}.Debug|Any CPU.Build.0 = Debug|Any CPU
		{836A13A9-84AD-4828-9E8E-7B2DC7994C08}.Release|Any CPU.ActiveCfg = Release|Any CPU
		{836A13A9-84AD-4828-9E8E-7B2DC7994C08}.Release|Any CPU.Build.0 = Release|Any CPU
		{EEF4EB06-4C9D-4114-A842-4943F114C0CE}.Debug|Any CPU.ActiveCfg = Debug|Any CPU
		{EEF4EB06-4C9D-4114-A842-4943F114C0CE}.Debug|Any CPU.Build.0 = Debug|Any CPU
		{EEF4EB06-4C9D-4114-A842-4943F114C0CE}.Release|Any CPU.ActiveCfg = Release|Any CPU
		{EEF4EB06-4C9D-4114-A842-4943F114C0CE}.Release|Any CPU.Build.0 = Release|Any CPU
		{0E1A1E22-1FEA-4663-B880-5030320A2F36}.Debug|Any CPU.ActiveCfg = Debug|Any CPU
		{0E1A1E22-1FEA-4663-B880-5030320A2F36}.Debug|Any CPU.Build.0 = Debug|Any CPU
		{0E1A1E22-1FEA-4663-B880-5030320A2F36}.Release|Any CPU.ActiveCfg = Release|Any CPU
		{0E1A1E22-1FEA-4663-B880-5030320A2F36}.Release|Any CPU.Build.0 = Release|Any CPU
	EndGlobalSection
	GlobalSection(SolutionProperties) = preSolution
		HideSolutionNode = FALSE
	EndGlobalSection
	GlobalSection(ExtensibilityGlobals) = postSolution
		SolutionGuid = {78B8B7BD-4389-4C27-8801-B3CAE3BA3529}
	EndGlobalSection
EndGlobal
